
Microsoft Visual Studio Solution File, Format Version 12.00
# Visual Studio 2012
Project("{FAE04EC0-301F-11D3-BF4B-00C04F79EFBC}") = "Once", "Once\Once.csproj", "{FD2F42C7-E547-4DDE-8CC3-58E60913C326}"
EndProject
Global
	GlobalSection(SolutionConfigurationPlatforms) = preSolution
		Debug|Any CPU = Debug|Any CPU
		Release|Any CPU = Release|Any CPU
	EndGlobalSection
	GlobalSection(ProjectConfigurationPlatforms) = postSolution
		{FD2F42C7-E547-4DDE-8CC3-58E60913C326}.Debug|Any CPU.ActiveCfg = Debug|Any CPU
		{FD2F42C7-E547-4DDE-8CC3-58E60913C326}.Debug|Any CPU.Build.0 = Debug|Any CPU
		{FD2F42C7-E547-4DDE-8CC3-58E60913C326}.Release|Any CPU.ActiveCfg = Release|Any CPU
		{FD2F42C7-E547-4DDE-8CC3-58E60913C326}.Release|Any CPU.Build.0 = Release|Any CPU
	EndGlobalSection
EndGlobal
